
Microsoft Visual Studio Solution File, Format Version 12.00
# Visual Studio Version 17
VisualStudioVersion = 17.0.31912.275
MinimumVisualStudioVersion = 10.0.40219.1
Project("{FAE04EC0-301F-11D3-BF4B-00C04F79EFBC}") = "BasicHungerMod", "BasicHungerMod\BasicHungerMod.csproj", "{BA04ACFF-8F7E-4D11-8534-F44D5F29655F}"
EndProject
Global
	GlobalSection(SolutionConfigurationPlatforms) = preSolution
		Debug|Any CPU = Debug|Any CPU
		Release|Any CPU = Release|Any CPU
	EndGlobalSection
	GlobalSection(ProjectConfigurationPlatforms) = postSolution
		{BA04ACFF-8F7E-4D11-8534-F44D5F29655F}.Debug|Any CPU.ActiveCfg = Debug|Any CPU
		{BA04ACFF-8F7E-4D11-8534-F44D5F29655F}.Debug|Any CPU.Build.0 = Debug|Any CPU
		{BA04ACFF-8F7E-4D11-8534-F44D5F29655F}.Release|Any CPU.ActiveCfg = Release|Any CPU
		{BA04ACFF-8F7E-4D11-8534-F44D5F29655F}.Release|Any CPU.Build.0 = Release|Any CPU
	EndGlobalSection
	GlobalSection(SolutionProperties) = preSolution
		HideSolutionNode = FALSE
	EndGlobalSection
	GlobalSection(ExtensibilityGlobals) = postSolution
		SolutionGuid = {23B544D0-8B71-4098-AD4D-116CC0A2DF08}
	EndGlobalSection
EndGlobal
